{
  "nodes": {
    "nixpkgs": {
      "locked": {
        "lastModified": 1779796641,
        "narHash": "sha256-ZsIrKmhp4vbBXoXXmR/tBXA/UCsAQiJL9vsgZEduhVY=",
        "owner": "nixos",
        "repo": "nixpkgs",
        "rev": "25f538306313eae3927264466c70d7001dcea1df",
        "type": "github"
      },
      "original": {
        "owner": "nixos",
        "ref": "nixos-25.11",
        "repo": "nixpkgs",
        "type": "github"
      }
    },
    "root": {
      "inputs": {
        "nixpkgs": "nixpkgs",
        "scaffold": "scaffold"
      }
    },
    "scaffold": {
      "inputs": {
        "nixpkgs": [
          "nixpkgs"
        ]
      },
      "locked": {
        "lastModified": 1780018158,
        "narHash": "sha256-zUIRvD8H8kmPU40w56H4DbP07OsmYB9xhUBXaDJ4Jf0=",
        "owner": "KNOXDEV",
        "repo": "scaffold.nix",
        "rev": "2539d162cc55a8edf670f3ed19a3e210dad2ff1b",
        "type": "github"
      },
      "original": {
        "owner": "KNOXDEV",
        "repo": "scaffold.nix",
        "type": "github"
      }
    }
  },
  "root": "root",
  "version": 7
}
