{
  "nodes": {
    "nixpkgs": {
      "locked": {
        "lastModified": 1779102034,
        "narHash": "sha256-vZJZjLo513IeI8hjzHFc6TDezUd4uCE2Eq4SNO3DNNg=",
        "owner": "nixos",
        "repo": "nixpkgs",
        "rev": "687f05a9184cad4eaf905c48b63649e3a86f5433",
        "type": "github"
      },
      "original": {
        "owner": "nixos",
        "ref": "nixos-25.11",
        "repo": "nixpkgs",
        "type": "github"
      }
    },
    "root": {
      "inputs": {
        "nixpkgs": "nixpkgs",
        "scaffold": "scaffold"
      }
    },
    "scaffold": {
      "inputs": {
        "nixpkgs": [
          "nixpkgs"
        ]
      },
      "locked": {
        "lastModified": 1780012541,
        "narHash": "sha256-dPEpRodnK90cIEsvfHakxccbZzbpEC9GASDGq4LvIec=",
        "owner": "KNOXDEV",
        "repo": "scaffold.nix",
        "rev": "1f5ab39635ad4015648b8a2d43e35786d0655427",
        "type": "github"
      },
      "original": {
        "owner": "KNOXDEV",
        "repo": "scaffold.nix",
        "type": "github"
      }
    }
  },
  "root": "root",
  "version": 7
}
