{
  "nodes": {
    "nixpkgs": {
      "locked": {
        "lastModified": 1779796641,
        "narHash": "sha256-ZsIrKmhp4vbBXoXXmR/tBXA/UCsAQiJL9vsgZEduhVY=",
        "owner": "nixos",
        "repo": "nixpkgs",
        "rev": "25f538306313eae3927264466c70d7001dcea1df",
        "type": "github"
      },
      "original": {
        "owner": "nixos",
        "ref": "nixos-25.11",
        "repo": "nixpkgs",
        "type": "github"
      }
    },
    "root": {
      "inputs": {
        "nixpkgs": "nixpkgs",
        "scaffold": "scaffold"
      }
    },
    "scaffold": {
      "inputs": {
        "nixpkgs": [
          "nixpkgs"
        ]
      },
      "locked": {
        "lastModified": 1780021195,
        "narHash": "sha256-KG9M6f7bFGkDG20uvASmxbiZYxu76CFPclfbLJ/eZuo=",
        "owner": "KNOXDEV",
        "repo": "scaffold.nix",
        "rev": "b183080847dd42df213f7284557c9b2dfafc3ae5",
        "type": "github"
      },
      "original": {
        "owner": "KNOXDEV",
        "repo": "scaffold.nix",
        "type": "github"
      }
    }
  },
  "root": "root",
  "version": 7
}
